{
  "version": 4,
  "terraform_version": "0.12.7",
  "serial": 24,
  "lineage": "68a57630-2ee2-c60d-0e62-775d40e78cb6",
  "outputs": {
    "catapp_url": {
      "value": "http://naspina-meow.centralus.cloudapp.azure.com",
      "type": "string"
    }
  },
  "resources": [
    {
      "mode": "managed",
      "type": "azurerm_network_interface",
      "name": "catapp-nic",
      "provider": "provider.azurerm",
      "instances": [
        {
          "schema_version": 0,
          "attributes": {
            "applied_dns_servers": [],
            "dns_servers": [],
            "enable_accelerated_networking": false,
            "enable_ip_forwarding": false,
            "id": "/subscriptions/14692f20-9428-451b-8298-102ed4e39c2a/resourceGroups/naspina-workshop/providers/Microsoft.Network/networkInterfaces/naspina-catapp-nic",
            "internal_dns_name_label": "",
            "internal_fqdn": "",
            "ip_configuration": [
              {
                "application_gateway_backend_address_pools_ids": [],
                "application_security_group_ids": [],
                "load_balancer_backend_address_pools_ids": [],
                "load_balancer_inbound_nat_rules_ids": [],
                "name": "naspinaipconfig",
                "primary": true,
                "private_ip_address": "",
                "private_ip_address_allocation": "dynamic",
                "private_ip_address_version": "IPv4",
                "public_ip_address_id": "/subscriptions/14692f20-9428-451b-8298-102ed4e39c2a/resourceGroups/naspina-workshop/providers/Microsoft.Network/publicIPAddresses/naspina-ip",
                "subnet_id": "/subscriptions/14692f20-9428-451b-8298-102ed4e39c2a/resourceGroups/naspina-workshop/providers/Microsoft.Network/virtualNetworks/naspina-vnet/subnets/naspina-subnet"
              }
            ],
            "location": "centralus",
            "mac_address": "00-0D-3A-42-9A-80",
            "name": "naspina-catapp-nic",
            "network_security_group_id": "/subscriptions/14692f20-9428-451b-8298-102ed4e39c2a/resourceGroups/naspina-workshop/providers/Microsoft.Network/networkSecurityGroups/naspina-sg",
            "private_ip_address": "10.0.10.4",
            "private_ip_addresses": [
              "10.0.10.4"
            ],
            "resource_group_name": "naspina-workshop",
            "tags": {},
            "virtual_machine_id": "/subscriptions/14692f20-9428-451b-8298-102ed4e39c2a/resourceGroups/naspina-workshop/providers/Microsoft.Compute/virtualMachines/naspina-meow"
          },
          "private": "bnVsbA==",
          "depends_on": [
            "azurerm_network_security_group.catapp-sg",
            "azurerm_public_ip.catapp-pip",
            "azurerm_resource_group.myresourcegroup",
            "azurerm_subnet.subnet"
          ]
        }
      ]
    },
    {
      "mode": "managed",
      "type": "azurerm_network_security_group",
      "name": "catapp-sg",
      "provider": "provider.azurerm",
      "instances": [
        {
          "schema_version": 0,
          "attributes": {
            "id": "/subscriptions/14692f20-9428-451b-8298-102ed4e39c2a/resourceGroups/naspina-workshop/providers/Microsoft.Network/networkSecurityGroups/naspina-sg",
            "location": "centralus",
            "name": "naspina-sg",
            "resource_group_name": "naspina-workshop",
            "security_rule": [
              {
                "access": "Allow",
                "description": "",
                "destination_address_prefix": "*",
                "destination_address_prefixes": [],
                "destination_application_security_group_ids": [],
                "destination_port_range": "22",
                "destination_port_ranges": [],
                "direction": "Inbound",
                "name": "SSH",
                "priority": 101,
                "protocol": "Tcp",
                "source_address_prefix": "*",
                "source_address_prefixes": [],
                "source_application_security_group_ids": [],
                "source_port_range": "*",
                "source_port_ranges": []
              },
              {
                "access": "Allow",
                "description": "",
                "destination_address_prefix": "*",
                "destination_address_prefixes": [],
                "destination_application_security_group_ids": [],
                "destination_port_range": "443",
                "destination_port_ranges": [],
                "direction": "Inbound",
                "name": "HTTPS",
                "priority": 102,
                "protocol": "Tcp",
                "source_address_prefix": "*",
                "source_address_prefixes": [],
                "source_application_security_group_ids": [],
                "source_port_range": "*",
                "source_port_ranges": []
              },
              {
                "access": "Allow",
                "description": "",
                "destination_address_prefix": "*",
                "destination_address_prefixes": [],
                "destination_application_security_group_ids": [],
                "destination_port_range": "80",
                "destination_port_ranges": [],
                "direction": "Inbound",
                "name": "HTTP",
                "priority": 100,
                "protocol": "Tcp",
                "source_address_prefix": "*",
                "source_address_prefixes": [],
                "source_application_security_group_ids": [],
                "source_port_range": "*",
                "source_port_ranges": []
              }
            ],
            "tags": {}
          },
          "private": "bnVsbA==",
          "depends_on": [
            "azurerm_resource_group.myresourcegroup"
          ]
        }
      ]
    },
    {
      "mode": "managed",
      "type": "azurerm_public_ip",
      "name": "catapp-pip",
      "provider": "provider.azurerm",
      "instances": [
        {
          "schema_version": 0,
          "attributes": {
            "allocation_method": "Dynamic",
            "domain_name_label": "naspina-meow",
            "fqdn": "naspina-meow.centralus.cloudapp.azure.com",
            "id": "/subscriptions/14692f20-9428-451b-8298-102ed4e39c2a/resourceGroups/naspina-workshop/providers/Microsoft.Network/publicIPAddresses/naspina-ip",
            "idle_timeout_in_minutes": 4,
            "ip_address": "52.165.235.255",
            "ip_version": "IPv4",
            "location": "centralus",
            "name": "naspina-ip",
            "public_ip_address_allocation": "Dynamic",
            "public_ip_prefix_id": null,
            "resource_group_name": "naspina-workshop",
            "reverse_fqdn": "",
            "sku": "Basic",
            "tags": {},
            "zones": []
          },
          "private": "bnVsbA==",
          "depends_on": [
            "azurerm_resource_group.myresourcegroup"
          ]
        }
      ]
    },
    {
      "mode": "managed",
      "type": "azurerm_resource_group",
      "name": "myresourcegroup",
      "provider": "provider.azurerm",
      "instances": [
        {
          "schema_version": 0,
          "attributes": {
            "id": "/subscriptions/14692f20-9428-451b-8298-102ed4e39c2a/resourceGroups/naspina-workshop",
            "location": "centralus",
            "name": "naspina-workshop",
            "tags": {}
          },
          "private": "bnVsbA=="
        }
      ]
    },
    {
      "mode": "managed",
      "type": "azurerm_subnet",
      "name": "subnet",
      "provider": "provider.azurerm",
      "instances": [
        {
          "schema_version": 0,
          "attributes": {
            "address_prefix": "10.0.10.0/24",
            "delegation": [],
            "id": "/subscriptions/14692f20-9428-451b-8298-102ed4e39c2a/resourceGroups/naspina-workshop/providers/Microsoft.Network/virtualNetworks/naspina-vnet/subnets/naspina-subnet",
            "ip_configurations": [
              "/subscriptions/14692f20-9428-451b-8298-102ed4e39c2a/resourceGroups/naspina-workshop/providers/Microsoft.Network/networkInterfaces/naspina-catapp-nic/ipConfigurations/naspinaipconfig"
            ],
            "name": "naspina-subnet",
            "network_security_group_id": "",
            "resource_group_name": "naspina-workshop",
            "route_table_id": "",
            "service_endpoints": [],
            "virtual_network_name": "naspina-vnet"
          },
          "private": "bnVsbA==",
          "depends_on": [
            "azurerm_resource_group.myresourcegroup",
            "azurerm_virtual_network.vnet"
          ]
        }
      ]
    },
    {
      "mode": "managed",
      "type": "azurerm_virtual_machine",
      "name": "catapp",
      "provider": "provider.azurerm",
      "instances": [
        {
          "schema_version": 0,
          "attributes": {
            "availability_set_id": null,
            "boot_diagnostics": [],
            "delete_data_disks_on_termination": false,
            "delete_os_disk_on_termination": true,
            "id": "/subscriptions/14692f20-9428-451b-8298-102ed4e39c2a/resourceGroups/naspina-workshop/providers/Microsoft.Compute/virtualMachines/naspina-meow",
            "identity": [],
            "license_type": null,
            "location": "centralus",
            "name": "naspina-meow",
            "network_interface_ids": [
              "/subscriptions/14692f20-9428-451b-8298-102ed4e39c2a/resourceGroups/naspina-workshop/providers/Microsoft.Network/networkInterfaces/naspina-catapp-nic"
            ],
            "os_profile": [
              {
                "admin_password": "",
                "admin_username": "hashicorp",
                "computer_name": "naspina",
                "custom_data": ""
              }
            ],
            "os_profile_linux_config": [
              {
                "disable_password_authentication": false,
                "ssh_keys": []
              }
            ],
            "os_profile_secrets": [],
            "os_profile_windows_config": [],
            "plan": [],
            "primary_network_interface_id": null,
            "resource_group_name": "naspina-workshop",
            "storage_data_disk": [],
            "storage_image_reference": [
              {
                "id": "",
                "offer": "UbuntuServer",
                "publisher": "Canonical",
                "sku": "16.04-LTS",
                "version": "latest"
              }
            ],
            "storage_os_disk": [
              {
                "caching": "ReadWrite",
                "create_option": "FromImage",
                "disk_size_gb": 30,
                "image_uri": "",
                "managed_disk_id": "/subscriptions/14692f20-9428-451b-8298-102ed4e39c2a/resourceGroups/naspina-workshop/providers/Microsoft.Compute/disks/naspina-osdisk",
                "managed_disk_type": "Standard_LRS",
                "name": "naspina-osdisk",
                "os_type": "Linux",
                "vhd_uri": "",
                "write_accelerator_enabled": false
              }
            ],
            "tags": {},
            "vm_size": "Standard_A0",
            "zones": []
          },
          "private": "bnVsbA==",
          "depends_on": [
            "azurerm_network_interface.catapp-nic",
            "azurerm_resource_group.myresourcegroup"
          ]
        }
      ]
    },
    {
      "mode": "managed",
      "type": "azurerm_virtual_network",
      "name": "vnet",
      "provider": "provider.azurerm",
      "instances": [
        {
          "schema_version": 0,
          "attributes": {
            "address_space": [
              "10.0.0.0/16"
            ],
            "ddos_protection_plan": [],
            "dns_servers": [],
            "id": "/subscriptions/14692f20-9428-451b-8298-102ed4e39c2a/resourceGroups/naspina-workshop/providers/Microsoft.Network/virtualNetworks/naspina-vnet",
            "location": "centralus",
            "name": "naspina-vnet",
            "resource_group_name": "naspina-workshop",
            "subnet": [
              {
                "address_prefix": "10.0.10.0/24",
                "id": "/subscriptions/14692f20-9428-451b-8298-102ed4e39c2a/resourceGroups/naspina-workshop/providers/Microsoft.Network/virtualNetworks/naspina-vnet/subnets/naspina-subnet",
                "name": "naspina-subnet",
                "security_group": ""
              }
            ],
            "tags": {}
          },
          "private": "bnVsbA==",
          "depends_on": [
            "azurerm_resource_group.myresourcegroup"
          ]
        }
      ]
    },
    {
      "mode": "managed",
      "type": "null_resource",
      "name": "configure-cat-app",
      "provider": "provider.null",
      "instances": [
        {
          "schema_version": 0,
          "attributes": {
            "id": "5713931824963464666",
            "triggers": {
              "build_number": "2019-09-04T17:59:57Z"
            }
          },
          "private": "bnVsbA==",
          "depends_on": [
            "azurerm_public_ip.catapp-pip",
            "azurerm_virtual_machine.catapp"
          ]
        }
      ]
    }
  ]
}
